// !$*UTF8*$!
{
	archiveVersion = 1;
	classes = {
	};
	objectVersion = 50;
	objects = {

/* Begin PBXBuildFile section */
		47D12C30268DF068008EBC15 /* AppDelegate.swift in Sources */ = {isa = PBXBuildFile; fileRef = 47D12C2F268DF068008EBC15 /* AppDelegate.swift */; };
		47D12C32268DF068008EBC15 /* SceneDelegate.swift in Sources */ = {isa = PBXBuildFile; fileRef = 47D12C31268DF068008EBC15 /* SceneDelegate.swift */; };
		47D12C34268DF068008EBC15 /* ViewController.swift in Sources */ = {isa = PBXBuildFile; fileRef = 47D12C33268DF068008EBC15 /* ViewController.swift */; };
		47D12C37268DF068008EBC15 /* Main.storyboard in Resources */ = {isa = PBXBuildFile; fileRef = 47D12C35268DF068008EBC15 /* Main.storyboard */; };
		47D12C39268DF069008EBC15 /* Assets.xcassets in Resources */ = {isa = PBXBuildFile; fileRef = 47D12C38268DF069008EBC15 /* Assets.xcassets */; };
		47D12C3C268DF069008EBC15 /* LaunchScreen.storyboard in Resources */ = {isa = PBXBuildFile; fileRef = 47D12C3A268DF069008EBC15 /* LaunchScreen.storyboard */; };
		DA70AC7FD58C3ACEBE97C377 /* Pods_Chart1.framework in Frameworks */ = {isa = PBXBuildFile; fileRef = E084FA61455000EE4C6B461B /* Pods_Chart1.framework */; };
/* End PBXBuildFile section */

/* Begin PBXFileReference section */
		47D12C2C268DF068008EBC15 /* Chart1.app */ = {isa = PBXFileReference; explicitFileType = wrapper.application; includeInIndex = 0; path = Chart1.app; sourceTree = BUILT_PRODUCTS_DIR; };
		47D12C2F268DF068008EBC15 /* AppDelegate.swift */ = {isa = PBXFileReference; lastKnownFileType = sourcecode.swift; path = AppDelegate.swift; sourceTree = "<group>"; };
		47D12C31268DF068008EBC15 /* SceneDelegate.swift */ = {isa = PBXFileReference; lastKnownFileType = sourcecode.swift; path = SceneDelegate.swift; sourceTree = "<group>"; };
		47D12C33268DF068008EBC15 /* ViewController.swift */ = {isa = PBXFileReference; lastKnownFileType = sourcecode.swift; path = ViewController.swift; sourceTree = "<group>"; };
		47D12C36268DF068008EBC15 /* Base */ = {isa = PBXFileReference; lastKnownFileType = file.storyboard; name = Base; path = Base.lproj/Main.storyboard; sourceTree = "<group>"; };
		47D12C38268DF069008EBC15 /* Assets.xcassets */ = {isa = PBXFileReference; lastKnownFileType = folder.assetcatalog; path = Assets.xcassets; sourceTree = "<group>"; };
		47D12C3B268DF069008EBC15 /* Base */ = {isa = PBXFileReference; lastKnownFileType = file.storyboard; name = Base; path = Base.lproj/LaunchScreen.storyboard; sourceTree = "<group>"; };
		47D12C3D268DF069008EBC15 /* Info.plist */ = {isa = PBXFileReference; lastKnownFileType = text.plist.xml; path = Info.plist; sourceTree = "<group>"; };
		6514F6AE1127DD92C621EA8D /* Pods-Chart1.release.xcconfig */ = {isa = PBXFileReference; includeInIndex = 1; lastKnownFileType = text.xcconfig; name = "Pods-Chart1.release.xcconfig"; path = "Target Support Files/Pods-Chart1/Pods-Chart1.release.xcconfig"; sourceTree = "<group>"; };
		8B07C8CADA5F38CED4F5285A /* Pods-Chart1.debug.xcconfig */ = {isa = PBXFileReference; includeInIndex = 1; lastKnownFileType = text.xcconfig; name = "Pods-Chart1.debug.xcconfig"; path = "Target Support Files/Pods-Chart1/Pods-Chart1.debug.xcconfig"; sourceTree = "<group>"; };
		E084FA61455000EE4C6B461B /* Pods_Chart1.framework */ = {isa = PBXFileReference; explicitFileType = wrapper.framework; includeInIndex = 0; path = Pods_Chart1.framework; sourceTree = BUILT_PRODUCTS_DIR; };
/* End PBXFileReference section */

/* Begin PBXFrameworksBuildPhase section */
		47D12C29268DF068008EBC15 /* Frameworks */ = {
			isa = PBXFrameworksBuildPhase;
			buildActionMask = 2147483647;
			files = (
				DA70AC7FD58C3ACEBE97C377 /* Pods_Chart1.framework in Frameworks */,
			);
			runOnlyForDeploymentPostprocessing = 0;
		};
/* End PBXFrameworksBuildPhase section */

/* Begin PBXGroup section */
		411770F8363CF0989B2B22E6 /* Frameworks */ = {
			isa = PBXGroup;
			children = (
				E084FA61455000EE4C6B461B /* Pods_Chart1.framework */,
			);
			name = Frameworks;
			sourceTree = "<group>";
		};
		47D12C23268DF068008EBC15 = {
			isa = PBXGroup;
			children = (
				47D12C2E268DF068008EBC15 /* Chart1 */,
				47D12C2D268DF068008EBC15 /* Products */,
				4B0EBD26A211E95CE4DD6745 /* Pods */,
				411770F8363CF0989B2B22E6 /* Frameworks */,
			);
			sourceTree = "<group>";
		};
		47D12C2D268DF068008EBC15 /* Products */ = {
			isa = PBXGroup;
			children = (
				47D12C2C268DF068008EBC15 /* Chart1.app */,
			);
			name = Products;
			sourceTree = "<group>";
		};
		47D12C2E268DF068008EBC15 /* Chart1 */ = {
			isa = PBXGroup;
			children = (
				47D12C2F268DF068008EBC15 /* AppDelegate.swift */,
				47D12C31268DF068008EBC15 /* SceneDelegate.swift */,
				47D12C33268DF068008EBC15 /* ViewController.swift */,
				47D12C35268DF068008EBC15 /* Main.storyboard */,
				47D12C38268DF069008EBC15 /* Assets.xcassets */,
				47D12C3A268DF069008EBC15 /* LaunchScreen.storyboard */,
				47D12C3D268DF069008EBC15 /* Info.plist */,
			);
			path = Chart1;
			sourceTree = "<group>";
		};
		4B0EBD26A211E95CE4DD6745 /* Pods */ = {
			isa = PBXGroup;
			children = (
				8B07C8CADA5F38CED4F5285A /* Pods-Chart1.debug.xcconfig */,
				6514F6AE1127DD92C621EA8D /* Pods-Chart1.release.xcconfig */,
			);
			name = Pods;
			path = Pods;
			sourceTree = "<group>";
		};
/* End PBXGroup section */

/* Begin PBXNativeTarget section */
		47D12C2B268DF068008EBC15 /* Chart1 */ = {
			isa = PBXNativeTarget;
			buildConfigurationList = 47D12C40268DF069008EBC15 /* Build configuration list for PBXNativeTarget "Chart1" */;
			buildPhases = (
				A7112CD2CC4B6E2EF342A85C /* [CP] Check Pods Manifest.lock */,
				47D12C28268DF068008EBC15 /* Sources */,
				47D12C29268DF068008EBC15 /* Frameworks */,
				47D12C2A268DF068008EBC15 /* Resources */,
				790089E620E749B66C8CEC03 /* [CP] Embed Pods Frameworks */,
			);
			buildRules = (
			);
			dependencies = (
			);
			name = Chart1;
			productName = Chart1;
			productReference = 47D12C2C268DF068008EBC15 /* Chart1.app */;
			productType = "com.apple.product-type.application";
		};
/* End PBXNativeTarget section */

/* Begin PBXProject section */
		47D12C24268DF068008EBC15 /* Project object */ = {
			isa = PBXProject;
			attributes = {
				LastSwiftUpdateCheck = 1250;
				LastUpgradeCheck = 1250;
				TargetAttributes = {
					47D12C2B268DF068008EBC15 = {
						CreatedOnToolsVersion = 12.5.1;
					};
				};
			};
			buildConfigurationList = 47D12C27268DF068008EBC15 /* Build configuration list for PBXProject "Chart1" */;
			compatibilityVersion = "Xcode 9.3";
			developmentRegion = en;
			hasScannedForEncodings = 0;
			knownRegions = (
				en,
				Base,
			);
			mainGroup = 47D12C23268DF068008EBC15;
			productRefGroup = 47D12C2D268DF068008EBC15 /* Products */;
			projectDirPath = "";
			projectRoot = "";
			targets = (
				47D12C2B268DF068008EBC15 /* Chart1 */,
			);
		};
/* End PBXProject section */

/* Begin PBXResourcesBuildPhase section */
		47D12C2A268DF068008EBC15 /* Resources */ = {
			isa = PBXResourcesBuildPhase;
			buildActionMask = 2147483647;
			files = (
				47D12C3C268DF069008EBC15 /* LaunchScreen.storyboard in Resources */,
				47D12C39268DF069008EBC15 /* Assets.xcassets in Resources */,
				47D12C37268DF068008EBC15 /* Main.storyboard in Resources */,
			);
			runOnlyForDeploymentPostprocessing = 0;
		};
/* End PBXResourcesBuildPhase section */

/* Begin PBXShellScriptBuildPhase section */
		790089E620E749B66C8CEC03 /* [CP] Embed Pods Frameworks */ = {
			isa = PBXShellScriptBuildPhase;
			buildActionMask = 2147483647;
			files = (
			);
			inputFileListPaths = (
				"${PODS_ROOT}/Target Support Files/Pods-Chart1/Pods-Chart1-frameworks-${CONFIGURATION}-input-files.xcfilelist",
			);
			name = "[CP] Embed Pods Frameworks";
			outputFileListPaths = (
				"${PODS_ROOT}/Target Support Files/Pods-Chart1/Pods-Chart1-frameworks-${CONFIGURATION}-output-files.xcfilelist",
			);
			runOnlyForDeploymentPostprocessing = 0;
			shellPath = /bin/sh;
			shellScript = "\"${PODS_ROOT}/Target Support Files/Pods-Chart1/Pods-Chart1-frameworks.sh\"\n";
			showEnvVarsInLog = 0;
		};
		A7112CD2CC4B6E2EF342A85C /* [CP] Check Pods Manifest.lock */ = {
			isa = PBXShellScriptBuildPhase;
			buildActionMask = 2147483647;
			files = (
			);
			inputFileListPaths = (
			);
			inputPaths = (
				"${PODS_PODFILE_DIR_PATH}/Podfile.lock",
				"${PODS_ROOT}/Manifest.lock",
			);
			name = "[CP] Check Pods Manifest.lock";
			outputFileListPaths = (
			);
			outputPaths = (
				"$(DERIVED_FILE_DIR)/Pods-Chart1-checkManifestLockResult.txt",
			);
			runOnlyForDeploymentPostprocessing = 0;
			shellPath = /bin/sh;
			shellScript = "diff \"${PODS_PODFILE_DIR_PATH}/Podfile.lock\" \"${PODS_ROOT}/Manifest.lock\" > /dev/null\nif [ $? != 0 ] ; then\n    # print error to STDERR\n    echo \"error: The sandbox is not in sync with the Podfile.lock. Run 'pod install' or update your CocoaPods installation.\" >&2\n    exit 1\nfi\n# This output is used by Xcode 'outputs' to avoid re-running this script phase.\necho \"SUCCESS\" > \"${SCRIPT_OUTPUT_FILE_0}\"\n";
			showEnvVarsInLog = 0;
		};
/* End PBXShellScriptBuildPhase section */

/* Begin PBXSourcesBuildPhase section */
		47D12C28268DF068008EBC15 /* Sources */ = {
			isa = PBXSourcesBuildPhase;
			buildActionMask = 2147483647;
			files = (
				47D12C34268DF068008EBC15 /* ViewController.swift in Sources */,
				47D12C30268DF068008EBC15 /* AppDelegate.swift in Sources */,
				47D12C32268DF068008EBC15 /* SceneDelegate.swift in Sources */,
			);
			runOnlyForDeploymentPostprocessing = 0;
		};
/* End PBXSourcesBuildPhase section */

/* Begin PBXVariantGroup section */
		47D12C35268DF068008EBC15 /* Main.storyboard */ = {
			isa = PBXVariantGroup;
			children = (
				47D12C36268DF068008EBC15 /* Base */,
			);
			name = Main.storyboard;
			sourceTree = "<group>";
		};
		47D12C3A268DF069008EBC15 /* LaunchScreen.storyboard */ = {
			isa = PBXVariantGroup;
			children = (
				47D12C3B268DF069008EBC15 /* Base */,
			);
			name = LaunchScreen.storyboard;
			sourceTree = "<group>";
		};
/* End PBXVariantGroup section */

/* Begin XCBuildConfiguration section */
		47D12C3E268DF069008EBC15 /* Debug */ = {
			isa = XCBuildConfiguration;
			buildSettings = {
				ALWAYS_SEARCH_USER_PATHS = NO;
				CLANG_ANALYZER_NONNULL = YES;
				CLANG_ANALYZER_NUMBER_OBJECT_CONVERSION = YES_AGGRESSIVE;
				CLANG_CXX_LANGUAGE_STANDARD = "gnu++14";
				CLANG_CXX_LIBRARY = "libc++";
				CLANG_ENABLE_MODULES = YES;
				CLANG_ENABLE_OBJC_ARC = YES;
				CLANG_ENABLE_OBJC_WEAK = YES;
				CLANG_WARN_BLOCK_CAPTURE_AUTORELEASING = YES;
				CLANG_WARN_BOOL_CONVERSION = YES;
				CLANG_WARN_COMMA = YES;
				CLANG_WARN_CONSTANT_CONVERSION = YES;
				CLANG_WARN_DEPRECATED_OBJC_IMPLEMENTATIONS = YES;
				CLANG_WARN_DIRECT_OBJC_ISA_USAGE = YES_ERROR;
				CLANG_WARN_DOCUMENTATION_COMMENTS = YES;
				CLANG_WARN_EMPTY_BODY = YES;
				CLANG_WARN_ENUM_CONVERSION = YES;
				CLANG_WARN_INFINITE_RECURSION = YES;
				CLANG_WARN_INT_CONVERSION = YES;
				CLANG_WARN_NON_LITERAL_NULL_CONVERSION = YES;
				CLANG_WARN_OBJC_IMPLICIT_RETAIN_SELF = YES;
				CLANG_WARN_OBJC_LITERAL_CONVERSION = YES;
				CLANG_WARN_OBJC_ROOT_CLASS = YES_ERROR;
				CLANG_WARN_QUOTED_INCLUDE_IN_FRAMEWORK_HEADER = YES;
				CLANG_WARN_RANGE_LOOP_ANALYSIS = YES;
				CLANG_WARN_STRICT_PROTOTYPES = YES;
				CLANG_WARN_SUSPICIOUS_MOVE = YES;
				CLANG_WARN_UNGUARDED_AVAILABILITY = YES_AGGRESSIVE;
				CLANG_WARN_UNREACHABLE_CODE = YES;
				CLANG_WARN__DUPLICATE_METHOD_MATCH = YES;
				COPY_PHASE_STRIP = NO;
				DEBUG_INFORMATION_FORMAT = dwarf;
				ENABLE_STRICT_OBJC_MSGSEND = YES;
				ENABLE_TESTABILITY = YES;
				GCC_C_LANGUAGE_STANDARD = gnu11;
				GCC_DYNAMIC_NO_PIC = NO;
				GCC_NO_COMMON_BLOCKS = YES;
				GCC_OPTIMIZATION_LEVEL = 0;
				GCC_PREPROCESSOR_DEFINITIONS = (
					"DEBUG=1",
					"$(inherited)",
				);
				GCC_WARN_64_TO_32_BIT_CONVERSION = YES;
				GCC_WARN_ABOUT_RETURN_TYPE = YES_ERROR;
				GCC_WARN_UNDECLARED_SELECTOR = YES;
				GCC_WARN_UNINITIALIZED_AUTOS = YES_AGGRESSIVE;
				GCC_WARN_UNUSED_FUNCTION = YES;
				GCC_WARN_UNUSED_VARIABLE = YES;
				IPHONEOS_DEPLOYMENT_TARGET = 14.5;
				MTL_ENABLE_DEBUG_INFO = INCLUDE_SOURCE;
				MTL_FAST_MATH = YES;
				ONLY_ACTIVE_ARCH = YES;
				SDKROOT = iphoneos;
				SWIFT_ACTIVE_COMPILATION_CONDITIONS = DEBUG;
				SWIFT_OPTIMIZATION_LEVEL = "-Onone";
			};
			name = Debug;
		};
		47D12C3F268DF069008EBC15 /* Release */ = {
			isa = XCBuildConfiguration;
			buildSettings = {
				ALWAYS_SEARCH_USER_PATHS = NO;
				CLANG_ANALYZER_NONNULL = YES;
				CLANG_ANALYZER_NUMBER_OBJECT_CONVERSION = YES_AGGRESSIVE;
				CLANG_CXX_LANGUAGE_STANDARD = "gnu++14";
				CLANG_CXX_LIBRARY = "libc++";
				CLANG_ENABLE_MODULES = YES;
				CLANG_ENABLE_OBJC_ARC = YES;
				CLANG_ENABLE_OBJC_WEAK = YES;
				CLANG_WARN_BLOCK_CAPTURE_AUTORELEASING = YES;
				CLANG_WARN_BOOL_CONVERSION = YES;
				CLANG_WARN_COMMA = YES;
				CLANG_WARN_CONSTANT_CONVERSION = YES;
				CLANG_WARN_DEPRECATED_OBJC_IMPLEMENTATIONS = YES;
				CLANG_WARN_DIRECT_OBJC_ISA_USAGE = YES_ERROR;
				CLANG_WARN_DOCUMENTATION_COMMENTS = YES;
				CLANG_WARN_EMPTY_BODY = YES;
				CLANG_WARN_ENUM_CONVERSION = YES;
				CLANG_WARN_INFINITE_RECURSION = YES;
				CLANG_WARN_INT_CONVERSION = YES;
				CLANG_WARN_NON_LITERAL_NULL_CONVERSION = YES;
				CLANG_WARN_OBJC_IMPLICIT_RETAIN_SELF = YES;
				CLANG_WARN_OBJC_LITERAL_CONVERSION = YES;
				CLANG_WARN_OBJC_ROOT_CLASS = YES_ERROR;
				CLANG_WARN_QUOTED_INCLUDE_IN_FRAMEWORK_HEADER = YES;
				CLANG_WARN_RANGE_LOOP_ANALYSIS = YES;
				CLANG_WARN_STRICT_PROTOTYPES = YES;
				CLANG_WARN_SUSPICIOUS_MOVE = YES;
				CLANG_WARN_UNGUARDED_AVAILABILITY = YES_AGGRESSIVE;
				CLANG_WARN_UNREACHABLE_CODE = YES;
				CLANG_WARN__DUPLICATE_METHOD_MATCH = YES;
				COPY_PHASE_STRIP = NO;
				DEBUG_INFORMATION_FORMAT = "dwarf-with-dsym";
				ENABLE_NS_ASSERTIONS = NO;
				ENABLE_STRICT_OBJC_MSGSEND = YES;
				GCC_C_LANGUAGE_STANDARD = gnu11;
				GCC_NO_COMMON_BLOCKS = YES;
				GCC_WARN_64_TO_32_BIT_CONVERSION = YES;
				GCC_WARN_ABOUT_RETURN_TYPE = YES_ERROR;
				GCC_WARN_UNDECLARED_SELECTOR = YES;
				GCC_WARN_UNINITIALIZED_AUTOS = YES_AGGRESSIVE;
				GCC_WARN_UNUSED_FUNCTION = YES;
				GCC_WARN_UNUSED_VARIABLE = YES;
				IPHONEOS_DEPLOYMENT_TARGET = 14.5;
				MTL_ENABLE_DEBUG_INFO = NO;
				MTL_FAST_MATH = YES;
				SDKROOT = iphoneos;
				SWIFT_COMPILATION_MODE = wholemodule;
				SWIFT_OPTIMIZATION_LEVEL = "-O";
				VALIDATE_PRODUCT = YES;
			};
			name = Release;
		};
		47D12C41268DF069008EBC15 /* Debug */ = {
			isa = XCBuildConfiguration;
			baseConfigurationReference = 8B07C8CADA5F38CED4F5285A /* Pods-Chart1.debug.xcconfig */;
			buildSettings = {
				ASSETCATALOG_COMPILER_APPICON_NAME = AppIcon;
				ASSETCATALOG_COMPILER_GLOBAL_ACCENT_COLOR_NAME = AccentColor;
				CODE_SIGN_STYLE = Automatic;
				DEVELOPMENT_TEAM = HAMLUR4PQA;
				INFOPLIST_FILE = Chart1/Info.plist;
				LD_RUNPATH_SEARCH_PATHS = (
					"$(inherited)",
					"@executable_path/Frameworks",
				);
				PRODUCT_BUNDLE_IDENTIFIER = com.kyohei.Chart1;
				PRODUCT_NAME = "$(TARGET_NAME)";
				SWIFT_VERSION = 5.0;
				TARGETED_DEVICE_FAMILY = 1;
			};
			name = Debug;
		};
		47D12C42268DF069008EBC15 /* Release */ = {
			isa = XCBuildConfiguration;
			baseConfigurationReference = 6514F6AE1127DD92C621EA8D /* Pods-Chart1.release.xcconfig */;
			buildSettings = {
				ASSETCATALOG_COMPILER_APPICON_NAME = AppIcon;
				ASSETCATALOG_COMPILER_GLOBAL_ACCENT_COLOR_NAME = AccentColor;
				CODE_SIGN_STYLE = Automatic;
				DEVELOPMENT_TEAM = HAMLUR4PQA;
				INFOPLIST_FILE = Chart1/Info.plist;
				LD_RUNPATH_SEARCH_PATHS = (
					"$(inherited)",
					"@executable_path/Frameworks",
				);
				PRODUCT_BUNDLE_IDENTIFIER = com.kyohei.Chart1;
				PRODUCT_NAME = "$(TARGET_NAME)";
				SWIFT_VERSION = 5.0;
				TARGETED_DEVICE_FAMILY = 1;
			};
			name = Release;
		};
/* End XCBuildConfiguration section */

/* Begin XCConfigurationList section */
		47D12C27268DF068008EBC15 /* Build configuration list for PBXProject "Chart1" */ = {
			isa = XCConfigurationList;
			buildConfigurations = (
				47D12C3E268DF069008EBC15 /* Debug */,
				47D12C3F268DF069008EBC15 /* Release */,
			);
			defaultConfigurationIsVisible = 0;
			defaultConfigurationName = Release;
		};
		47D12C40268DF069008EBC15 /* Build configuration list for PBXNativeTarget "Chart1" */ = {
			isa = XCConfigurationList;
			buildConfigurations = (
				47D12C41268DF069008EBC15 /* Debug */,
				47D12C42268DF069008EBC15 /* Release */,
			);
			defaultConfigurationIsVisible = 0;
			defaultConfigurationName = Release;
		};
/* End XCConfigurationList section */
	};
	rootObject = 47D12C24268DF068008EBC15 /* Project object */;
}
